
Microsoft Visual Studio Solution File, Format Version 12.00
# Visual Studio Version 16
VisualStudioVersion = 16.0.32630.194
MinimumVisualStudioVersion = 10.0.40219.1
Project("{FAE04EC0-301F-11D3-BF4B-00C04F79EFBC}") = "C샵 계산기", "C샵 계산기.csproj", "{8F4E053C-9B95-491E-9E7E-F414CCF42295}"
EndProject
Global
	GlobalSection(SolutionConfigurationPlatforms) = preSolution
		Debug|Any CPU = Debug|Any CPU
		Release|Any CPU = Release|Any CPU
	EndGlobalSection
	GlobalSection(ProjectConfigurationPlatforms) = postSolution
		{8F4E053C-9B95-491E-9E7E-F414CCF42295}.Debug|Any CPU.ActiveCfg = Debug|Any CPU
		{8F4E053C-9B95-491E-9E7E-F414CCF42295}.Debug|Any CPU.Build.0 = Debug|Any CPU
		{8F4E053C-9B95-491E-9E7E-F414CCF42295}.Release|Any CPU.ActiveCfg = Release|Any CPU
		{8F4E053C-9B95-491E-9E7E-F414CCF42295}.Release|Any CPU.Build.0 = Release|Any CPU
	EndGlobalSection
	GlobalSection(SolutionProperties) = preSolution
		HideSolutionNode = FALSE
	EndGlobalSection
	GlobalSection(ExtensibilityGlobals) = postSolution
		SolutionGuid = {F5F2A577-2027-44E6-B95B-99572E7DB243}
	EndGlobalSection
EndGlobal
