
Microsoft Visual Studio Solution File, Format Version 12.00
# Visual Studio Version 16
VisualStudioVersion = 16.0.32630.194
MinimumVisualStudioVersion = 10.0.40219.1
Project("{FAE04EC0-301F-11D3-BF4B-00C04F79EFBC}") = "WindowsFormsApp1", "WindowsFormsApp1\WindowsFormsApp1.csproj", "{F198F178-998E-43B1-8201-02E096126BAA}"
EndProject
Global
	GlobalSection(SolutionConfigurationPlatforms) = preSolution
		Debug|Any CPU = Debug|Any CPU
		Release|Any CPU = Release|Any CPU
	EndGlobalSection
	GlobalSection(ProjectConfigurationPlatforms) = postSolution
		{F198F178-998E-43B1-8201-02E096126BAA}.Debug|Any CPU.ActiveCfg = Debug|Any CPU
		{F198F178-998E-43B1-8201-02E096126BAA}.Debug|Any CPU.Build.0 = Debug|Any CPU
		{F198F178-998E-43B1-8201-02E096126BAA}.Release|Any CPU.ActiveCfg = Release|Any CPU
		{F198F178-998E-43B1-8201-02E096126BAA}.Release|Any CPU.Build.0 = Release|Any CPU
	EndGlobalSection
	GlobalSection(SolutionProperties) = preSolution
		HideSolutionNode = FALSE
	EndGlobalSection
	GlobalSection(ExtensibilityGlobals) = postSolution
		SolutionGuid = {4A97F58F-F937-4824-B980-47B09F479F27}
	EndGlobalSection
EndGlobal
